# This file is autogenerated, do not edit; changes may be undone by the next 'dep ensure'.


[[projects]]
  digest = "1:d636f10a755cab2e625a11c3be0c6373b85368bb4ac705cbc8924a2971cc5cf9"
  name = "github.com/Azure/azure-sdk-for-go"
  packages = [
    "services/keyvault/2016-10-01/keyvault",
    "services/keyvault/mgmt/2016-10-01/keyvault",
    "version",
  ]
  pruneopts = "UT"
  revision = "ab2c50cd6e8d2d1552c9ba3c376e5eb405515ddd"
  version = "v37.1.0"

[[projects]]
  digest = "1:2e9f9f3381b65a6f99438e30ce398cbc13eb224187950158321ad9e560261f40"
  name = "github.com/Azure/go-autorest"
  packages = [
    "autorest",
    "autorest/adal",
    "autorest/azure",
    "autorest/azure/auth",
    "autorest/azure/cli",
    "autorest/date",
    "autorest/to",
    "autorest/validation",
    "logger",
    "tracing",
  ]
  pruneopts = "UT"
  revision = "21d4b01533b1005be0d020da67a6d3f8ebdf0141"
  version = "v13.3.1"

[[projects]]
  digest = "1:76dc72490af7174349349838f2fe118996381b31ea83243812a97e5a0fd5ed55"
  name = "github.com/dgrijalva/jwt-go"
  packages = ["."]
  pruneopts = "UT"
  revision = "06ea1031745cb8b3dab3f6a236daf2b0aa468b7e"
  version = "v3.2.0"

[[projects]]
  digest = "1:cf0d2e435fd4ce45b789e93ef24b5f08e86be0e9807a16beb3694e2d8c9af965"
  name = "github.com/dimchansky/utfbom"
  packages = ["."]
  pruneopts = "UT"
  revision = "d2133a1ce379ef6fa992b0514a77146c60db9d1c"
  version = "v1.1.0"

[[projects]]
  digest = "1:57ae8919194013fb07b8390fb8a32e700c12fdab96e8dc4bb15d5fe45dc43245"
  name = "github.com/gobuffalo/envy"
  packages = ["."]
  pruneopts = "UT"
  revision = "dc9565002201aca1286f8d6262f5cd568226562a"
  version = "v1.8.1"

[[projects]]
  digest = "1:ecd9aa82687cf31d1585d4ac61d0ba180e42e8a6182b85bd785fcca8dfeefc1b"
  name = "github.com/joho/godotenv"
  packages = ["."]
  pruneopts = "UT"
  revision = "23d116af351c84513e1946b527c88823e476be13"
  version = "v1.3.0"

[[projects]]
  digest = "1:c78066b952f7960f7bffeb04d176e1e8d2579bd1e65067fc29f043706f11c4f3"
  name = "github.com/marstr/collection"
  packages = ["."]
  pruneopts = "UT"
  revision = "43f1d00df9bf332cbf8d26c3eecd6c348e92f7b3"
  version = "v1.0.1"

[[projects]]
  branch = "master"
  digest = "1:6688b117d0ac766a6ea0e0238c5eb1f866128d126c3f8a97cd209f301e51d82e"
  name = "github.com/marstr/randname"
  packages = ["."]
  pruneopts = "UT"
  revision = "d5b0f288ab8cfdaa716502900e10405f123dc0cf"

[[projects]]
  digest = "1:5d231480e1c64a726869bc4142d270184c419749d34f167646baa21008eb0a79"
  name = "github.com/mitchellh/go-homedir"
  packages = ["."]
  pruneopts = "UT"
  revision = "af06845cf3004701891bf4fdb884bfe4920b3727"
  version = "v1.1.0"

[[projects]]
  digest = "1:e09ada96a5a41deda4748b1659cc8953961799e798aea557257b56baee4ecaf3"
  name = "github.com/rogpeppe/go-internal"
  packages = [
    "modfile",
    "module",
    "semver",
  ]
  pruneopts = "UT"
  revision = "d89504fbbf2c313df24867a5ffafcc9b847961ff"
  version = "v1.5.0"

[[projects]]
  digest = "1:274f67cb6fed9588ea2521ecdac05a6d62a8c51c074c1fccc6a49a40ba80e925"
  name = "github.com/satori/go.uuid"
  packages = ["."]
  pruneopts = "UT"
  revision = "f58768cc1a7a7e77a3bd49e98cdd21419399b6a3"
  version = "v1.2.0"

[[projects]]
  branch = "master"
  digest = "1:f604f5e2ee721b6757d962dfe7bab4f28aae50c456e39cfb2f3819762a44a6ae"
  name = "golang.org/x/crypto"
  packages = [
    "pkcs12",
    "pkcs12/internal/rc2",
  ]
  pruneopts = "UT"
  revision = "e9b2fee46413994441b28dfca259d911d963dfed"

[solve-meta]
  analyzer-name = "dep"
  analyzer-version = 1
  input-imports = [
    "github.com/Azure/azure-sdk-for-go/services/keyvault/2016-10-01/keyvault",
    "github.com/Azure/azure-sdk-for-go/services/keyvault/mgmt/2016-10-01/keyvault",
    "github.com/Azure/go-autorest/autorest",
    "github.com/Azure/go-autorest/autorest/adal",
    "github.com/Azure/go-autorest/autorest/azure",
    "github.com/Azure/go-autorest/autorest/azure/auth",
    "github.com/gobuffalo/envy",
    "github.com/marstr/randname",
  ]
  solver-name = "gps-cdcl"
  solver-version = 1
